<Solution>
  <Project Path="CommonDataLayer/CommonDataLayer.csproj" />
  <Project Path="DragonAssignmentDomain/DragonAssignmentDomain.csproj" />
  <Project Path="DragonTimekeepingDomain/DragonTimekeepingDomain.csproj" />
  <Project Path="DragonPlacementApi/DragonPlacementApi.csproj" />
  <Project Path="DragonAssignmentData/DragonAssignmentData.csproj" />
  <Project Path="DragonPlacementTests/DragonPlacementTests.csproj" />
  <Project Path="DragonTimekeepingApplication/DragonTimekeepingApplication.csproj" />
  <Project Path="DragonTimekeepingData/DragonTimekeepingData.csproj" />
</Solution>
