<Solution>
  <Project Path="DragonAssignment/DragonAssignment.csproj" />
  <Project Path="DragonBilling/DragonBilling.csproj" />
  <Project Path="DragonCommon/DragonCommon.csproj" />
  <Project Path="DragonPlacementApi/DragonPlacementApi.csproj" />
  <Project Path="DragonUnitTests/DragonUnitTests.csproj" />
  <Project Path="DragonTimekeeping/DragonTimekeeping.csproj" />
</Solution>
